
Microsoft Visual Studio Solution File, Format Version 12.00
Project("{FAE04EC0-301F-11D3-BF4B-00C04F79EFBC}") = "KittyStore.Api", "src\KittyStore.Api\KittyStore.Api.csproj", "{653D7D8C-6FD0-47F9-9C39-C7E41045A9A2}"
EndProject
Project("{FAE04EC0-301F-11D3-BF4B-00C04F79EFBC}") = "KittyStore.Application", "src\KittyStore.Application\KittyStore.Application.csproj", "{C7D33923-877D-48E4-A715-2836952E64D6}"
EndProject
Project("{2150E333-8FDC-42A3-9474-1A3956D46DE8}") = "src", "src", "{DFDF5B85-CDC7-4D21-8BA3-66764F3F5C53}"
EndProject
Project("{FAE04EC0-301F-11D3-BF4B-00C04F79EFBC}") = "KittyStore.Contracts", "src\KittyStore.Contracts\KittyStore.Contracts.csproj", "{BE3E9452-6C3A-4D12-8DB7-53F97B9C9F82}"
EndProject
Project("{FAE04EC0-301F-11D3-BF4B-00C04F79EFBC}") = "KittyStore.Domain", "src\KittyStore.Domain\KittyStore.Domain.csproj", "{2D8A08BB-9525-4DF2-B606-6AB394463B39}"
EndProject
Project("{FAE04EC0-301F-11D3-BF4B-00C04F79EFBC}") = "KittyStore.Infrastructure", "src\KittyStore.Infrastructure\KittyStore.Infrastructure.csproj", "{9E150E55-5BD7-4FE2-A9EB-9285A6D34EC2}"
EndProject
Project("{2150E333-8FDC-42A3-9474-1A3956D46DE8}") = "tests", "tests", "{FD975D6B-A3F3-4AF8-BBC9-297B85813303}"
EndProject
Project("{2150E333-8FDC-42A3-9474-1A3956D46DE8}") = "UnitTests", "UnitTests", "{29AEBD7D-CE51-438D-B58D-755FA4E26DA9}"
EndProject
Project("{FAE04EC0-301F-11D3-BF4B-00C04F79EFBC}") = "KittyStore.Application.UnitTests", "tests\UnitTests\KittyStore.Application.UnitTests\KittyStore.Application.UnitTests.csproj", "{FEB9997C-5F94-4B3D-8671-B0AC63E36EC1}"
EndProject
Global
	GlobalSection(SolutionConfigurationPlatforms) = preSolution
		Debug|Any CPU = Debug|Any CPU
		Release|Any CPU = Release|Any CPU
	EndGlobalSection
	GlobalSection(ProjectConfigurationPlatforms) = postSolution
		{653D7D8C-6FD0-47F9-9C39-C7E41045A9A2}.Debug|Any CPU.ActiveCfg = Debug|Any CPU
		{653D7D8C-6FD0-47F9-9C39-C7E41045A9A2}.Debug|Any CPU.Build.0 = Debug|Any CPU
		{653D7D8C-6FD0-47F9-9C39-C7E41045A9A2}.Release|Any CPU.ActiveCfg = Release|Any CPU
		{653D7D8C-6FD0-47F9-9C39-C7E41045A9A2}.Release|Any CPU.Build.0 = Release|Any CPU
		{C7D33923-877D-48E4-A715-2836952E64D6}.Debug|Any CPU.ActiveCfg = Debug|Any CPU
		{C7D33923-877D-48E4-A715-2836952E64D6}.Debug|Any CPU.Build.0 = Debug|Any CPU
		{C7D33923-877D-48E4-A715-2836952E64D6}.Release|Any CPU.ActiveCfg = Release|Any CPU
		{C7D33923-877D-48E4-A715-2836952E64D6}.Release|Any CPU.Build.0 = Release|Any CPU
		{BE3E9452-6C3A-4D12-8DB7-53F97B9C9F82}.Debug|Any CPU.ActiveCfg = Debug|Any CPU
		{BE3E9452-6C3A-4D12-8DB7-53F97B9C9F82}.Debug|Any CPU.Build.0 = Debug|Any CPU
		{BE3E9452-6C3A-4D12-8DB7-53F97B9C9F82}.Release|Any CPU.ActiveCfg = Release|Any CPU
		{BE3E9452-6C3A-4D12-8DB7-53F97B9C9F82}.Release|Any CPU.Build.0 = Release|Any CPU
		{2D8A08BB-9525-4DF2-B606-6AB394463B39}.Debug|Any CPU.ActiveCfg = Debug|Any CPU
		{2D8A08BB-9525-4DF2-B606-6AB394463B39}.Debug|Any CPU.Build.0 = Debug|Any CPU
		{2D8A08BB-9525-4DF2-B606-6AB394463B39}.Release|Any CPU.ActiveCfg = Release|Any CPU
		{2D8A08BB-9525-4DF2-B606-6AB394463B39}.Release|Any CPU.Build.0 = Release|Any CPU
		{9E150E55-5BD7-4FE2-A9EB-9285A6D34EC2}.Debug|Any CPU.ActiveCfg = Debug|Any CPU
		{9E150E55-5BD7-4FE2-A9EB-9285A6D34EC2}.Debug|Any CPU.Build.0 = Debug|Any CPU
		{9E150E55-5BD7-4FE2-A9EB-9285A6D34EC2}.Release|Any CPU.ActiveCfg = Release|Any CPU
		{9E150E55-5BD7-4FE2-A9EB-9285A6D34EC2}.Release|Any CPU.Build.0 = Release|Any CPU
		{FEB9997C-5F94-4B3D-8671-B0AC63E36EC1}.Debug|Any CPU.ActiveCfg = Debug|Any CPU
		{FEB9997C-5F94-4B3D-8671-B0AC63E36EC1}.Debug|Any CPU.Build.0 = Debug|Any CPU
		{FEB9997C-5F94-4B3D-8671-B0AC63E36EC1}.Release|Any CPU.ActiveCfg = Release|Any CPU
		{FEB9997C-5F94-4B3D-8671-B0AC63E36EC1}.Release|Any CPU.Build.0 = Release|Any CPU
	EndGlobalSection
	GlobalSection(NestedProjects) = preSolution
		{653D7D8C-6FD0-47F9-9C39-C7E41045A9A2} = {DFDF5B85-CDC7-4D21-8BA3-66764F3F5C53}
		{C7D33923-877D-48E4-A715-2836952E64D6} = {DFDF5B85-CDC7-4D21-8BA3-66764F3F5C53}
		{BE3E9452-6C3A-4D12-8DB7-53F97B9C9F82} = {DFDF5B85-CDC7-4D21-8BA3-66764F3F5C53}
		{2D8A08BB-9525-4DF2-B606-6AB394463B39} = {DFDF5B85-CDC7-4D21-8BA3-66764F3F5C53}
		{9E150E55-5BD7-4FE2-A9EB-9285A6D34EC2} = {DFDF5B85-CDC7-4D21-8BA3-66764F3F5C53}
		{29AEBD7D-CE51-438D-B58D-755FA4E26DA9} = {FD975D6B-A3F3-4AF8-BBC9-297B85813303}
		{FEB9997C-5F94-4B3D-8671-B0AC63E36EC1} = {29AEBD7D-CE51-438D-B58D-755FA4E26DA9}
	EndGlobalSection
EndGlobal
